
Microsoft Visual Studio Solution File, Format Version 12.00
# Visual Studio Version 17
VisualStudioVersion = 17.0.31919.166
MinimumVisualStudioVersion = 10.0.40219.1
Project("{FAE04EC0-301F-11D3-BF4B-00C04F79EFBC}") = "GestioneSpese", "GestioneSpese\GestioneSpese.csproj", "{F172574C-FF42-4284-99EC-06FE0432DD9A}"
EndProject
Project("{FAE04EC0-301F-11D3-BF4B-00C04F79EFBC}") = "GestioneSpeseEF", "GestioneSpeseEF\GestioneSpeseEF.csproj", "{3B1A4A53-A742-40F3-8856-CF4FDE7E6B7F}"
EndProject
Global
	GlobalSection(SolutionConfigurationPlatforms) = preSolution
		Debug|Any CPU = Debug|Any CPU
		Release|Any CPU = Release|Any CPU
	EndGlobalSection
	GlobalSection(ProjectConfigurationPlatforms) = postSolution
		{F172574C-FF42-4284-99EC-06FE0432DD9A}.Debug|Any CPU.ActiveCfg = Debug|Any CPU
		{F172574C-FF42-4284-99EC-06FE0432DD9A}.Debug|Any CPU.Build.0 = Debug|Any CPU
		{F172574C-FF42-4284-99EC-06FE0432DD9A}.Release|Any CPU.ActiveCfg = Release|Any CPU
		{F172574C-FF42-4284-99EC-06FE0432DD9A}.Release|Any CPU.Build.0 = Release|Any CPU
		{3B1A4A53-A742-40F3-8856-CF4FDE7E6B7F}.Debug|Any CPU.ActiveCfg = Debug|Any CPU
		{3B1A4A53-A742-40F3-8856-CF4FDE7E6B7F}.Debug|Any CPU.Build.0 = Debug|Any CPU
		{3B1A4A53-A742-40F3-8856-CF4FDE7E6B7F}.Release|Any CPU.ActiveCfg = Release|Any CPU
		{3B1A4A53-A742-40F3-8856-CF4FDE7E6B7F}.Release|Any CPU.Build.0 = Release|Any CPU
	EndGlobalSection
	GlobalSection(SolutionProperties) = preSolution
		HideSolutionNode = FALSE
	EndGlobalSection
	GlobalSection(ExtensibilityGlobals) = postSolution
		SolutionGuid = {1AA2C9E0-7AE1-4C06-B5CA-6C618D19255D}
	EndGlobalSection
EndGlobal
